
Microsoft Visual Studio Solution File, Format Version 12.00
Project("{FAE04EC0-301F-11D3-BF4B-00C04F79EFBC}") = "MyTag", "MyTag\MyTag.csproj", "{5277B734-54A2-4D6D-94E2-12C7854EF164}"
EndProject
Global
	GlobalSection(SolutionConfigurationPlatforms) = preSolution
		Debug|Any CPU = Debug|Any CPU
		Release|Any CPU = Release|Any CPU
	EndGlobalSection
	GlobalSection(ProjectConfigurationPlatforms) = postSolution
		{5277B734-54A2-4D6D-94E2-12C7854EF164}.Debug|Any CPU.ActiveCfg = Debug|Any CPU
		{5277B734-54A2-4D6D-94E2-12C7854EF164}.Debug|Any CPU.Build.0 = Debug|Any CPU
		{5277B734-54A2-4D6D-94E2-12C7854EF164}.Release|Any CPU.ActiveCfg = Release|Any CPU
		{5277B734-54A2-4D6D-94E2-12C7854EF164}.Release|Any CPU.Build.0 = Release|Any CPU
	EndGlobalSection
EndGlobal
